
Microsoft Visual Studio Solution File, Format Version 12.00
# Visual Studio Version 16
VisualStudioVersion = 16.0.32602.291
MinimumVisualStudioVersion = 10.0.40219.1
Project("{FAE04EC0-301F-11D3-BF4B-00C04F79EFBC}") = "P129FirstClientApp", "P129FirstClientApp\P129FirstClientApp.csproj", "{BBA48F82-1519-4D6A-8272-049FDDC2798B}"
EndProject
Global
	GlobalSection(SolutionConfigurationPlatforms) = preSolution
		Debug|Any CPU = Debug|Any CPU
		Release|Any CPU = Release|Any CPU
	EndGlobalSection
	GlobalSection(ProjectConfigurationPlatforms) = postSolution
		{BBA48F82-1519-4D6A-8272-049FDDC2798B}.Debug|Any CPU.ActiveCfg = Debug|Any CPU
		{BBA48F82-1519-4D6A-8272-049FDDC2798B}.Debug|Any CPU.Build.0 = Debug|Any CPU
		{BBA48F82-1519-4D6A-8272-049FDDC2798B}.Release|Any CPU.ActiveCfg = Release|Any CPU
		{BBA48F82-1519-4D6A-8272-049FDDC2798B}.Release|Any CPU.Build.0 = Release|Any CPU
	EndGlobalSection
	GlobalSection(SolutionProperties) = preSolution
		HideSolutionNode = FALSE
	EndGlobalSection
	GlobalSection(ExtensibilityGlobals) = postSolution
		SolutionGuid = {17E473FE-2056-4E8A-ADCA-49F461030F39}
	EndGlobalSection
EndGlobal
